
Microsoft Visual Studio Solution File, Format Version 12.00
# Visual Studio Version 16
VisualStudioVersion = 16.0.33529.622
MinimumVisualStudioVersion = 10.0.40219.1
Project("{FAE04EC0-301F-11D3-BF4B-00C04F79EFBC}") = "AccountRegistration", "AccountRegistration\AccountRegistration.csproj", "{2D1C4E6E-0E6A-4DCC-B57B-73ADF445B4C0}"
EndProject
Global
	GlobalSection(SolutionConfigurationPlatforms) = preSolution
		Debug|Any CPU = Debug|Any CPU
		Release|Any CPU = Release|Any CPU
	EndGlobalSection
	GlobalSection(ProjectConfigurationPlatforms) = postSolution
		{2D1C4E6E-0E6A-4DCC-B57B-73ADF445B4C0}.Debug|Any CPU.ActiveCfg = Debug|Any CPU
		{2D1C4E6E-0E6A-4DCC-B57B-73ADF445B4C0}.Debug|Any CPU.Build.0 = Debug|Any CPU
		{2D1C4E6E-0E6A-4DCC-B57B-73ADF445B4C0}.Release|Any CPU.ActiveCfg = Release|Any CPU
		{2D1C4E6E-0E6A-4DCC-B57B-73ADF445B4C0}.Release|Any CPU.Build.0 = Release|Any CPU
	EndGlobalSection
	GlobalSection(SolutionProperties) = preSolution
		HideSolutionNode = FALSE
	EndGlobalSection
	GlobalSection(ExtensibilityGlobals) = postSolution
		SolutionGuid = {389D3D98-989B-49A6-B03A-A2F7DFAD7F96}
	EndGlobalSection
EndGlobal
